
Microsoft Visual Studio Solution File, Format Version 12.00
# Visual Studio Version 17
VisualStudioVersion = 17.6.33829.357
MinimumVisualStudioVersion = 10.0.40219.1
Project("{FAE04EC0-301F-11D3-BF4B-00C04F79EFBC}") = "WebApi", "WebApi\WebApi.csproj", "{2C2A5667-BAC5-4372-87D9-18D5DAC9E786}"
EndProject
Project("{2150E333-8FDC-42A3-9474-1A3956D46DE8}") = "Solution Items", "Solution Items", "{AE64F175-1B21-4F12-A8BA-3817331A8D2C}"
	ProjectSection(SolutionItems) = preProject
		README.md = README.md
	EndProjectSection
EndProject
Global
	GlobalSection(SolutionConfigurationPlatforms) = preSolution
		Debug|Any CPU = Debug|Any CPU
		Release|Any CPU = Release|Any CPU
	EndGlobalSection
	GlobalSection(ProjectConfigurationPlatforms) = postSolution
		{2C2A5667-BAC5-4372-87D9-18D5DAC9E786}.Debug|Any CPU.ActiveCfg = Debug|Any CPU
		{2C2A5667-BAC5-4372-87D9-18D5DAC9E786}.Debug|Any CPU.Build.0 = Debug|Any CPU
		{2C2A5667-BAC5-4372-87D9-18D5DAC9E786}.Release|Any CPU.ActiveCfg = Release|Any CPU
		{2C2A5667-BAC5-4372-87D9-18D5DAC9E786}.Release|Any CPU.Build.0 = Release|Any CPU
	EndGlobalSection
	GlobalSection(SolutionProperties) = preSolution
		HideSolutionNode = FALSE
	EndGlobalSection
	GlobalSection(ExtensibilityGlobals) = postSolution
		SolutionGuid = {FEEFFD12-6CC0-4E85-9467-94A073990837}
	EndGlobalSection
EndGlobal
